{
  "name": "type-async-value",
  "version": "1.0.0",
  "lockfileVersion": 1,
  "requires": true,
  "dependencies": {
    "flow-bin": {
      "version": "0.114.0",
      "resolved": "https://registry.npmjs.org/flow-bin/-/flow-bin-0.114.0.tgz",
      "integrity": "sha512-hewufX0nbnhemQn5XtJ97nEFNqoBclPBAZ54aY3jKuZJnLpwqB7Doaplet3M26TOh2NchBsU0+lUkM8oVna2VA==",
      "dev": true
    },
    "typescript": {
      "version": "3.7.4",
      "resolved": "https://registry.npmjs.org/typescript/-/typescript-3.7.4.tgz",
      "integrity": "sha512-A25xv5XCtarLwXpcDNZzCGvW2D1S3/bACratYBx2sax8PefsFhlYmkQicKHvpYflFS8if4zne5zT5kpJ7pzuvw==",
      "dev": true
    }
  }
}
